
Microsoft Visual Studio Solution File, Format Version 12.00
# Visual Studio Version 16
VisualStudioVersion = 16.0.30804.86
MinimumVisualStudioVersion = 10.0.40219.1
Project("{9A19103F-16F7-4668-BE54-9A1E7A4F7556}") = "QuizApp.Backend.Library", "QuizApp\QuizApp.Backend.Library.csproj", "{DA1E8DAE-2B9A-465C-B71C-49D03BFFA6C5}"
EndProject
Project("{9A19103F-16F7-4668-BE54-9A1E7A4F7556}") = "QuizApp.Backend.Api", "QuizApp.Backend.Api\QuizApp.Backend.Api.csproj", "{86BDA030-81AC-49A1-AD76-758E7EE82415}"
EndProject
Global
	GlobalSection(SolutionConfigurationPlatforms) = preSolution
		Debug|Any CPU = Debug|Any CPU
		Release|Any CPU = Release|Any CPU
	EndGlobalSection
	GlobalSection(ProjectConfigurationPlatforms) = postSolution
		{DA1E8DAE-2B9A-465C-B71C-49D03BFFA6C5}.Debug|Any CPU.ActiveCfg = Debug|Any CPU
		{DA1E8DAE-2B9A-465C-B71C-49D03BFFA6C5}.Debug|Any CPU.Build.0 = Debug|Any CPU
		{DA1E8DAE-2B9A-465C-B71C-49D03BFFA6C5}.Release|Any CPU.ActiveCfg = Release|Any CPU
		{DA1E8DAE-2B9A-465C-B71C-49D03BFFA6C5}.Release|Any CPU.Build.0 = Release|Any CPU
		{86BDA030-81AC-49A1-AD76-758E7EE82415}.Debug|Any CPU.ActiveCfg = Debug|Any CPU
		{86BDA030-81AC-49A1-AD76-758E7EE82415}.Debug|Any CPU.Build.0 = Debug|Any CPU
		{86BDA030-81AC-49A1-AD76-758E7EE82415}.Release|Any CPU.ActiveCfg = Release|Any CPU
		{86BDA030-81AC-49A1-AD76-758E7EE82415}.Release|Any CPU.Build.0 = Release|Any CPU
	EndGlobalSection
	GlobalSection(SolutionProperties) = preSolution
		HideSolutionNode = FALSE
	EndGlobalSection
	GlobalSection(ExtensibilityGlobals) = postSolution
		SolutionGuid = {E8E93323-9A62-4EFF-9A5B-0A76823F93BC}
	EndGlobalSection
EndGlobal
